{
  "name": "shared",
  "version": "0.1.0",
  "lockfileVersion": 3,
  "requires": true,
  "packages": {
    "": {
      "name": "shared",
      "version": "0.1.0",
      "devDependencies": {
        "@cloudflare/workers-types": "^4.20240405.0",
        "typescript": "~5.8.0"
      }
    },
    "node_modules/@cloudflare/workers-types": {
      "version": "4.20250904.0",
      "resolved": "https://registry.npmjs.org/@cloudflare/workers-types/-/workers-types-4.20250904.0.tgz",
      "integrity": "sha512-674ULxQdY+RJOUdmQUa8XSYjHR8EVcQjFz50dKuubX7NxlUeDWeeEgsXGeYZ1oXZSGRazykalt6BMwuKm05DMw==",
      "dev": true,
      "license": "MIT OR Apache-2.0"
    },
    "node_modules/typescript": {
      "version": "5.8.3",
      "resolved": "https://registry.npmjs.org/typescript/-/typescript-5.8.3.tgz",
      "integrity": "sha512-p1diW6TqL9L07nNxvRMM7hMMw4c5XOo/1ibL4aAIGmSAt9slTE1Xgw5KWuof2uTOvCg9BY7ZRi+GaF+7sfgPeQ==",
      "dev": true,
      "license": "Apache-2.0",
      "bin": {
        "tsc": "bin/tsc",
        "tsserver": "bin/tsserver"
      },
      "engines": {
        "node": ">=14.17"
      }
    }
  }
}
